
Microsoft Visual Studio Solution File, Format Version 12.00
# Visual Studio Version 17
VisualStudioVersion = 17.14.36301.6 d17.14
MinimumVisualStudioVersion = 10.0.40219.1
Project("{FAE04EC0-301F-11D3-BF4B-00C04F79EFBC}") = "ICS4U 1-6 Summative", "ICS4U 1-6 Summative\ICS4U 1-6 Summative.csproj", "{D5AA87DA-6833-4303-B2F9-9E16A3E269DA}"
EndProject
Global
	GlobalSection(SolutionConfigurationPlatforms) = preSolution
		Debug|Any CPU = Debug|Any CPU
		Release|Any CPU = Release|Any CPU
	EndGlobalSection
	GlobalSection(ProjectConfigurationPlatforms) = postSolution
		{D5AA87DA-6833-4303-B2F9-9E16A3E269DA}.Debug|Any CPU.ActiveCfg = Debug|Any CPU
		{D5AA87DA-6833-4303-B2F9-9E16A3E269DA}.Debug|Any CPU.Build.0 = Debug|Any CPU
		{D5AA87DA-6833-4303-B2F9-9E16A3E269DA}.Release|Any CPU.ActiveCfg = Release|Any CPU
		{D5AA87DA-6833-4303-B2F9-9E16A3E269DA}.Release|Any CPU.Build.0 = Release|Any CPU
	EndGlobalSection
	GlobalSection(SolutionProperties) = preSolution
		HideSolutionNode = FALSE
	EndGlobalSection
	GlobalSection(ExtensibilityGlobals) = postSolution
		SolutionGuid = {B3A11BB6-3322-4387-95EA-9E0C27DA5554}
	EndGlobalSection
EndGlobal
